
Microsoft Visual Studio Solution File, Format Version 11.00
# Visual Studio 2010
Project("{FAE04EC0-301F-11D3-BF4B-00C04F79EFBC}") = "DRCOG.Common", "DRCOG.Common\DRCOG.Common.csproj", "{4E600512-70D6-49BB-9011-8AB788F9BA5F}"
EndProject
Project("{FAE04EC0-301F-11D3-BF4B-00C04F79EFBC}") = "DRCOG.Common.Services", "DRCOG.Common.Services\DRCOG.Common.Services.csproj", "{57D33BA8-CD17-47D0-B717-746A0652D670}"
EndProject
Project("{FAE04EC0-301F-11D3-BF4B-00C04F79EFBC}") = "DRCOG.Common.Services.MemberShipServiceSupport", "DRCOG.Common.Services.MemberShipServiceSupport\DRCOG.Common.Services.MemberShipServiceSupport.csproj", "{2564A894-4BB4-4BAB-A63B-CD931A9BF569}"
EndProject
Project("{FAE04EC0-301F-11D3-BF4B-00C04F79EFBC}") = "DRCOG.Common.Services.ChangeTrackerSupport", "DRCOG.Common.Services.ChangeTrackerSupport\DRCOG.Common.Services.ChangeTrackerSupport.csproj", "{8487C2E8-A957-4754-8D62-739B70252723}"
EndProject
Project("{FAE04EC0-301F-11D3-BF4B-00C04F79EFBC}") = "DRCOG.Common.Services.QueueSupport", "DRCOG.Common.Services.QueueSupport\DRCOG.Common.Services.QueueSupport.csproj", "{CA7495A0-1BBA-44CD-90BC-C9D018D4A44B}"
EndProject
Global
	GlobalSection(SolutionConfigurationPlatforms) = preSolution
		Debug|Any CPU = Debug|Any CPU
		Release|Any CPU = Release|Any CPU
	EndGlobalSection
	GlobalSection(ProjectConfigurationPlatforms) = postSolution
		{4E600512-70D6-49BB-9011-8AB788F9BA5F}.Debug|Any CPU.ActiveCfg = Debug|Any CPU
		{4E600512-70D6-49BB-9011-8AB788F9BA5F}.Debug|Any CPU.Build.0 = Debug|Any CPU
		{4E600512-70D6-49BB-9011-8AB788F9BA5F}.Release|Any CPU.ActiveCfg = Release|Any CPU
		{4E600512-70D6-49BB-9011-8AB788F9BA5F}.Release|Any CPU.Build.0 = Release|Any CPU
		{57D33BA8-CD17-47D0-B717-746A0652D670}.Debug|Any CPU.ActiveCfg = Debug|Any CPU
		{57D33BA8-CD17-47D0-B717-746A0652D670}.Debug|Any CPU.Build.0 = Debug|Any CPU
		{57D33BA8-CD17-47D0-B717-746A0652D670}.Release|Any CPU.ActiveCfg = Release|Any CPU
		{57D33BA8-CD17-47D0-B717-746A0652D670}.Release|Any CPU.Build.0 = Release|Any CPU
		{2564A894-4BB4-4BAB-A63B-CD931A9BF569}.Debug|Any CPU.ActiveCfg = Debug|Any CPU
		{2564A894-4BB4-4BAB-A63B-CD931A9BF569}.Debug|Any CPU.Build.0 = Debug|Any CPU
		{2564A894-4BB4-4BAB-A63B-CD931A9BF569}.Release|Any CPU.ActiveCfg = Release|Any CPU
		{2564A894-4BB4-4BAB-A63B-CD931A9BF569}.Release|Any CPU.Build.0 = Release|Any CPU
		{8487C2E8-A957-4754-8D62-739B70252723}.Debug|Any CPU.ActiveCfg = Debug|Any CPU
		{8487C2E8-A957-4754-8D62-739B70252723}.Debug|Any CPU.Build.0 = Debug|Any CPU
		{8487C2E8-A957-4754-8D62-739B70252723}.Release|Any CPU.ActiveCfg = Release|Any CPU
		{8487C2E8-A957-4754-8D62-739B70252723}.Release|Any CPU.Build.0 = Release|Any CPU
		{CA7495A0-1BBA-44CD-90BC-C9D018D4A44B}.Debug|Any CPU.ActiveCfg = Debug|Any CPU
		{CA7495A0-1BBA-44CD-90BC-C9D018D4A44B}.Debug|Any CPU.Build.0 = Debug|Any CPU
		{CA7495A0-1BBA-44CD-90BC-C9D018D4A44B}.Release|Any CPU.ActiveCfg = Release|Any CPU
		{CA7495A0-1BBA-44CD-90BC-C9D018D4A44B}.Release|Any CPU.Build.0 = Release|Any CPU
	EndGlobalSection
	GlobalSection(SolutionProperties) = preSolution
		HideSolutionNode = FALSE
	EndGlobalSection
EndGlobal
